// !$*UTF8*$!
{
	archiveVersion = 1;
	classes = {
	};
	objectVersion = 56;
	objects = {

/* Begin PBXBuildFile section */
		C31959D52922728700B1172E /* Alamofire in Frameworks */ = {isa = PBXBuildFile; productRef = C31959D42922728700B1172E /* Alamofire */; };
		C31959D8292272A200B1172E /* Kingfisher in Frameworks */ = {isa = PBXBuildFile; productRef = C31959D7292272A200B1172E /* Kingfisher */; };
		C31959DB292274D300B1172E /* Protocols.swift in Sources */ = {isa = PBXBuildFile; fileRef = C31959DA292274D300B1172E /* Protocols.swift */; };
		C31959E02922774500B1172E /* HomeViewController.swift in Sources */ = {isa = PBXBuildFile; fileRef = C31959DF2922774500B1172E /* HomeViewController.swift */; };
		C31959E42922779F00B1172E /* WeatherConditionViewController.swift in Sources */ = {isa = PBXBuildFile; fileRef = C31959E32922779F00B1172E /* WeatherConditionViewController.swift */; };
		C31959F52922785200B1172E /* WeatherConditionTableViewCell.swift in Sources */ = {isa = PBXBuildFile; fileRef = C31959F32922785200B1172E /* WeatherConditionTableViewCell.swift */; };
		C31959F62922785200B1172E /* WeatherConditionTableViewCell.xib in Resources */ = {isa = PBXBuildFile; fileRef = C31959F42922785200B1172E /* WeatherConditionTableViewCell.xib */; };
		C31959F8292278B700B1172E /* Location.swift in Sources */ = {isa = PBXBuildFile; fileRef = C31959F7292278B700B1172E /* Location.swift */; };
		C31959FA292278C100B1172E /* Constants.swift in Sources */ = {isa = PBXBuildFile; fileRef = C31959F9292278C100B1172E /* Constants.swift */; };
		C31959FE292278D300B1172E /* Forecast.swift in Sources */ = {isa = PBXBuildFile; fileRef = C31959FD292278D300B1172E /* Forecast.swift */; };
		C395E2F629210FCB004DDA65 /* AppDelegate.swift in Sources */ = {isa = PBXBuildFile; fileRef = C395E2F529210FCB004DDA65 /* AppDelegate.swift */; };
		C395E2F829210FCB004DDA65 /* SceneDelegate.swift in Sources */ = {isa = PBXBuildFile; fileRef = C395E2F729210FCB004DDA65 /* SceneDelegate.swift */; };
		C395E2FD29210FCB004DDA65 /* Main.storyboard in Resources */ = {isa = PBXBuildFile; fileRef = C395E2FB29210FCB004DDA65 /* Main.storyboard */; };
		C395E2FF29210FCB004DDA65 /* Assets.xcassets in Resources */ = {isa = PBXBuildFile; fileRef = C395E2FE29210FCB004DDA65 /* Assets.xcassets */; };
		C395E30229210FCB004DDA65 /* LaunchScreen.storyboard in Resources */ = {isa = PBXBuildFile; fileRef = C395E30029210FCB004DDA65 /* LaunchScreen.storyboard */; };
/* End PBXBuildFile section */

/* Begin PBXFileReference section */
		C31959DA292274D300B1172E /* Protocols.swift */ = {isa = PBXFileReference; lastKnownFileType = sourcecode.swift; path = Protocols.swift; sourceTree = "<group>"; };
		C31959DF2922774500B1172E /* HomeViewController.swift */ = {isa = PBXFileReference; lastKnownFileType = sourcecode.swift; path = HomeViewController.swift; sourceTree = "<group>"; };
		C31959E32922779F00B1172E /* WeatherConditionViewController.swift */ = {isa = PBXFileReference; lastKnownFileType = sourcecode.swift; path = WeatherConditionViewController.swift; sourceTree = "<group>"; };
		C31959F32922785200B1172E /* WeatherConditionTableViewCell.swift */ = {isa = PBXFileReference; lastKnownFileType = sourcecode.swift; path = WeatherConditionTableViewCell.swift; sourceTree = "<group>"; };
		C31959F42922785200B1172E /* WeatherConditionTableViewCell.xib */ = {isa = PBXFileReference; lastKnownFileType = file.xib; path = WeatherConditionTableViewCell.xib; sourceTree = "<group>"; };
		C31959F7292278B700B1172E /* Location.swift */ = {isa = PBXFileReference; lastKnownFileType = sourcecode.swift; path = Location.swift; sourceTree = "<group>"; };
		C31959F9292278C100B1172E /* Constants.swift */ = {isa = PBXFileReference; lastKnownFileType = sourcecode.swift; path = Constants.swift; sourceTree = "<group>"; };
		C31959FD292278D300B1172E /* Forecast.swift */ = {isa = PBXFileReference; lastKnownFileType = sourcecode.swift; path = Forecast.swift; sourceTree = "<group>"; };
		C395E2F229210FCA004DDA65 /* CaseStudy-BilalYalcin.app */ = {isa = PBXFileReference; explicitFileType = wrapper.application; includeInIndex = 0; path = "CaseStudy-BilalYalcin.app"; sourceTree = BUILT_PRODUCTS_DIR; };
		C395E2F529210FCB004DDA65 /* AppDelegate.swift */ = {isa = PBXFileReference; lastKnownFileType = sourcecode.swift; path = AppDelegate.swift; sourceTree = "<group>"; };
		C395E2F729210FCB004DDA65 /* SceneDelegate.swift */ = {isa = PBXFileReference; lastKnownFileType = sourcecode.swift; path = SceneDelegate.swift; sourceTree = "<group>"; };
		C395E2FC29210FCB004DDA65 /* Base */ = {isa = PBXFileReference; lastKnownFileType = file.storyboard; name = Base; path = Base.lproj/Main.storyboard; sourceTree = "<group>"; };
		C395E2FE29210FCB004DDA65 /* Assets.xcassets */ = {isa = PBXFileReference; lastKnownFileType = folder.assetcatalog; path = Assets.xcassets; sourceTree = "<group>"; };
		C395E30129210FCB004DDA65 /* Base */ = {isa = PBXFileReference; lastKnownFileType = file.storyboard; name = Base; path = Base.lproj/LaunchScreen.storyboard; sourceTree = "<group>"; };
		C395E30329210FCB004DDA65 /* Info.plist */ = {isa = PBXFileReference; lastKnownFileType = text.plist.xml; path = Info.plist; sourceTree = "<group>"; };
/* End PBXFileReference section */

/* Begin PBXFrameworksBuildPhase section */
		C395E2EF29210FCA004DDA65 /* Frameworks */ = {
			isa = PBXFrameworksBuildPhase;
			buildActionMask = 2147483647;
			files = (
				C31959D8292272A200B1172E /* Kingfisher in Frameworks */,
				C31959D52922728700B1172E /* Alamofire in Frameworks */,
			);
			runOnlyForDeploymentPostprocessing = 0;
		};
/* End PBXFrameworksBuildPhase section */

/* Begin PBXGroup section */
		C31959D9292274C300B1172E /* Protocols */ = {
			isa = PBXGroup;
			children = (
				C31959DA292274D300B1172E /* Protocols.swift */,
			);
			path = Protocols;
			sourceTree = "<group>";
		};
		C31959DC2922772F00B1172E /* Screens */ = {
			isa = PBXGroup;
			children = (
				C31959DD2922773400B1172E /* Home */,
				C31959DE2922773900B1172E /* Weather */,
			);
			path = Screens;
			sourceTree = "<group>";
		};
		C31959DD2922773400B1172E /* Home */ = {
			isa = PBXGroup;
			children = (
				C31959E12922777A00B1172E /* Controller */,
			);
			path = Home;
			sourceTree = "<group>";
		};
		C31959DE2922773900B1172E /* Weather */ = {
			isa = PBXGroup;
			children = (
				C31959F12922783100B1172E /* View */,
				C31959E5292277BE00B1172E /* Model */,
				C31959E22922778F00B1172E /* Controller */,
			);
			path = Weather;
			sourceTree = "<group>";
		};
		C31959E12922777A00B1172E /* Controller */ = {
			isa = PBXGroup;
			children = (
				C31959DF2922774500B1172E /* HomeViewController.swift */,
			);
			path = Controller;
			sourceTree = "<group>";
		};
		C31959E22922778F00B1172E /* Controller */ = {
			isa = PBXGroup;
			children = (
				C31959E32922779F00B1172E /* WeatherConditionViewController.swift */,
			);
			path = Controller;
			sourceTree = "<group>";
		};
		C31959E5292277BE00B1172E /* Model */ = {
			isa = PBXGroup;
			children = (
				C31959F9292278C100B1172E /* Constants.swift */,
				C31959FD292278D300B1172E /* Forecast.swift */,
				C31959F7292278B700B1172E /* Location.swift */,
			);
			path = Model;
			sourceTree = "<group>";
		};
		C31959F12922783100B1172E /* View */ = {
			isa = PBXGroup;
			children = (
				C31959F22922783800B1172E /* Cell */,
			);
			path = View;
			sourceTree = "<group>";
		};
		C31959F22922783800B1172E /* Cell */ = {
			isa = PBXGroup;
			children = (
				C31959F32922785200B1172E /* WeatherConditionTableViewCell.swift */,
				C31959F42922785200B1172E /* WeatherConditionTableViewCell.xib */,
			);
			path = Cell;
			sourceTree = "<group>";
		};
		C395E2E929210FCA004DDA65 = {
			isa = PBXGroup;
			children = (
				C395E2F429210FCA004DDA65 /* CaseStudy-BilalYalcin */,
				C395E2F329210FCA004DDA65 /* Products */,
			);
			sourceTree = "<group>";
		};
		C395E2F329210FCA004DDA65 /* Products */ = {
			isa = PBXGroup;
			children = (
				C395E2F229210FCA004DDA65 /* CaseStudy-BilalYalcin.app */,
			);
			name = Products;
			sourceTree = "<group>";
		};
		C395E2F429210FCA004DDA65 /* CaseStudy-BilalYalcin */ = {
			isa = PBXGroup;
			children = (
				C31959DC2922772F00B1172E /* Screens */,
				C31959D9292274C300B1172E /* Protocols */,
				C395E2F529210FCB004DDA65 /* AppDelegate.swift */,
				C395E2F729210FCB004DDA65 /* SceneDelegate.swift */,
				C395E2FB29210FCB004DDA65 /* Main.storyboard */,
				C395E2FE29210FCB004DDA65 /* Assets.xcassets */,
				C395E30029210FCB004DDA65 /* LaunchScreen.storyboard */,
				C395E30329210FCB004DDA65 /* Info.plist */,
			);
			path = "CaseStudy-BilalYalcin";
			sourceTree = "<group>";
		};
/* End PBXGroup section */

/* Begin PBXNativeTarget section */
		C395E2F129210FCA004DDA65 /* CaseStudy-BilalYalcin */ = {
			isa = PBXNativeTarget;
			buildConfigurationList = C395E30629210FCB004DDA65 /* Build configuration list for PBXNativeTarget "CaseStudy-BilalYalcin" */;
			buildPhases = (
				C395E2EE29210FCA004DDA65 /* Sources */,
				C395E2EF29210FCA004DDA65 /* Frameworks */,
				C395E2F029210FCA004DDA65 /* Resources */,
			);
			buildRules = (
			);
			dependencies = (
			);
			name = "CaseStudy-BilalYalcin";
			packageProductDependencies = (
				C31959D42922728700B1172E /* Alamofire */,
				C31959D7292272A200B1172E /* Kingfisher */,
			);
			productName = "CaseStudy-BilalYalcin";
			productReference = C395E2F229210FCA004DDA65 /* CaseStudy-BilalYalcin.app */;
			productType = "com.apple.product-type.application";
		};
/* End PBXNativeTarget section */

/* Begin PBXProject section */
		C395E2EA29210FCA004DDA65 /* Project object */ = {
			isa = PBXProject;
			attributes = {
				BuildIndependentTargetsInParallel = 1;
				LastSwiftUpdateCheck = 1410;
				LastUpgradeCheck = 1410;
				TargetAttributes = {
					C395E2F129210FCA004DDA65 = {
						CreatedOnToolsVersion = 14.1;
					};
				};
			};
			buildConfigurationList = C395E2ED29210FCA004DDA65 /* Build configuration list for PBXProject "CaseStudy-BilalYalcin" */;
			compatibilityVersion = "Xcode 14.0";
			developmentRegion = en;
			hasScannedForEncodings = 0;
			knownRegions = (
				en,
				Base,
			);
			mainGroup = C395E2E929210FCA004DDA65;
			packageReferences = (
				C31959D32922728700B1172E /* XCRemoteSwiftPackageReference "Alamofire" */,
				C31959D6292272A200B1172E /* XCRemoteSwiftPackageReference "Kingfisher" */,
			);
			productRefGroup = C395E2F329210FCA004DDA65 /* Products */;
			projectDirPath = "";
			projectRoot = "";
			targets = (
				C395E2F129210FCA004DDA65 /* CaseStudy-BilalYalcin */,
			);
		};
/* End PBXProject section */

/* Begin PBXResourcesBuildPhase section */
		C395E2F029210FCA004DDA65 /* Resources */ = {
			isa = PBXResourcesBuildPhase;
			buildActionMask = 2147483647;
			files = (
				C31959F62922785200B1172E /* WeatherConditionTableViewCell.xib in Resources */,
				C395E30229210FCB004DDA65 /* LaunchScreen.storyboard in Resources */,
				C395E2FF29210FCB004DDA65 /* Assets.xcassets in Resources */,
				C395E2FD29210FCB004DDA65 /* Main.storyboard in Resources */,
			);
			runOnlyForDeploymentPostprocessing = 0;
		};
/* End PBXResourcesBuildPhase section */

/* Begin PBXSourcesBuildPhase section */
		C395E2EE29210FCA004DDA65 /* Sources */ = {
			isa = PBXSourcesBuildPhase;
			buildActionMask = 2147483647;
			files = (
				C31959FE292278D300B1172E /* Forecast.swift in Sources */,
				C31959F52922785200B1172E /* WeatherConditionTableViewCell.swift in Sources */,
				C31959E02922774500B1172E /* HomeViewController.swift in Sources */,
				C395E2F629210FCB004DDA65 /* AppDelegate.swift in Sources */,
				C31959F8292278B700B1172E /* Location.swift in Sources */,
				C31959E42922779F00B1172E /* WeatherConditionViewController.swift in Sources */,
				C31959FA292278C100B1172E /* Constants.swift in Sources */,
				C395E2F829210FCB004DDA65 /* SceneDelegate.swift in Sources */,
				C31959DB292274D300B1172E /* Protocols.swift in Sources */,
			);
			runOnlyForDeploymentPostprocessing = 0;
		};
/* End PBXSourcesBuildPhase section */

/* Begin PBXVariantGroup section */
		C395E2FB29210FCB004DDA65 /* Main.storyboard */ = {
			isa = PBXVariantGroup;
			children = (
				C395E2FC29210FCB004DDA65 /* Base */,
			);
			name = Main.storyboard;
			sourceTree = "<group>";
		};
		C395E30029210FCB004DDA65 /* LaunchScreen.storyboard */ = {
			isa = PBXVariantGroup;
			children = (
				C395E30129210FCB004DDA65 /* Base */,
			);
			name = LaunchScreen.storyboard;
			sourceTree = "<group>";
		};
/* End PBXVariantGroup section */

/* Begin XCBuildConfiguration section */
		C395E30429210FCB004DDA65 /* Debug */ = {
			isa = XCBuildConfiguration;
			buildSettings = {
				ALWAYS_SEARCH_USER_PATHS = NO;
				CLANG_ANALYZER_NONNULL = YES;
				CLANG_ANALYZER_NUMBER_OBJECT_CONVERSION = YES_AGGRESSIVE;
				CLANG_CXX_LANGUAGE_STANDARD = "gnu++20";
				CLANG_ENABLE_MODULES = YES;
				CLANG_ENABLE_OBJC_ARC = YES;
				CLANG_ENABLE_OBJC_WEAK = YES;
				CLANG_WARN_BLOCK_CAPTURE_AUTORELEASING = YES;
				CLANG_WARN_BOOL_CONVERSION = YES;
				CLANG_WARN_COMMA = YES;
				CLANG_WARN_CONSTANT_CONVERSION = YES;
				CLANG_WARN_DEPRECATED_OBJC_IMPLEMENTATIONS = YES;
				CLANG_WARN_DIRECT_OBJC_ISA_USAGE = YES_ERROR;
				CLANG_WARN_DOCUMENTATION_COMMENTS = YES;
				CLANG_WARN_EMPTY_BODY = YES;
				CLANG_WARN_ENUM_CONVERSION = YES;
				CLANG_WARN_INFINITE_RECURSION = YES;
				CLANG_WARN_INT_CONVERSION = YES;
				CLANG_WARN_NON_LITERAL_NULL_CONVERSION = YES;
				CLANG_WARN_OBJC_IMPLICIT_RETAIN_SELF = YES;
				CLANG_WARN_OBJC_LITERAL_CONVERSION = YES;
				CLANG_WARN_OBJC_ROOT_CLASS = YES_ERROR;
				CLANG_WARN_QUOTED_INCLUDE_IN_FRAMEWORK_HEADER = YES;
				CLANG_WARN_RANGE_LOOP_ANALYSIS = YES;
				CLANG_WARN_STRICT_PROTOTYPES = YES;
				CLANG_WARN_SUSPICIOUS_MOVE = YES;
				CLANG_WARN_UNGUARDED_AVAILABILITY = YES_AGGRESSIVE;
				CLANG_WARN_UNREACHABLE_CODE = YES;
				CLANG_WARN__DUPLICATE_METHOD_MATCH = YES;
				COPY_PHASE_STRIP = NO;
				DEBUG_INFORMATION_FORMAT = dwarf;
				ENABLE_STRICT_OBJC_MSGSEND = YES;
				ENABLE_TESTABILITY = YES;
				GCC_C_LANGUAGE_STANDARD = gnu11;
				GCC_DYNAMIC_NO_PIC = NO;
				GCC_NO_COMMON_BLOCKS = YES;
				GCC_OPTIMIZATION_LEVEL = 0;
				GCC_PREPROCESSOR_DEFINITIONS = (
					"DEBUG=1",
					"$(inherited)",
				);
				GCC_WARN_64_TO_32_BIT_CONVERSION = YES;
				GCC_WARN_ABOUT_RETURN_TYPE = YES_ERROR;
				GCC_WARN_UNDECLARED_SELECTOR = YES;
				GCC_WARN_UNINITIALIZED_AUTOS = YES_AGGRESSIVE;
				GCC_WARN_UNUSED_FUNCTION = YES;
				GCC_WARN_UNUSED_VARIABLE = YES;
				IPHONEOS_DEPLOYMENT_TARGET = 16.1;
				MTL_ENABLE_DEBUG_INFO = INCLUDE_SOURCE;
				MTL_FAST_MATH = YES;
				ONLY_ACTIVE_ARCH = YES;
				SDKROOT = iphoneos;
				SWIFT_ACTIVE_COMPILATION_CONDITIONS = DEBUG;
				SWIFT_OPTIMIZATION_LEVEL = "-Onone";
			};
			name = Debug;
		};
		C395E30529210FCB004DDA65 /* Release */ = {
			isa = XCBuildConfiguration;
			buildSettings = {
				ALWAYS_SEARCH_USER_PATHS = NO;
				CLANG_ANALYZER_NONNULL = YES;
				CLANG_ANALYZER_NUMBER_OBJECT_CONVERSION = YES_AGGRESSIVE;
				CLANG_CXX_LANGUAGE_STANDARD = "gnu++20";
				CLANG_ENABLE_MODULES = YES;
				CLANG_ENABLE_OBJC_ARC = YES;
				CLANG_ENABLE_OBJC_WEAK = YES;
				CLANG_WARN_BLOCK_CAPTURE_AUTORELEASING = YES;
				CLANG_WARN_BOOL_CONVERSION = YES;
				CLANG_WARN_COMMA = YES;
				CLANG_WARN_CONSTANT_CONVERSION = YES;
				CLANG_WARN_DEPRECATED_OBJC_IMPLEMENTATIONS = YES;
				CLANG_WARN_DIRECT_OBJC_ISA_USAGE = YES_ERROR;
				CLANG_WARN_DOCUMENTATION_COMMENTS = YES;
				CLANG_WARN_EMPTY_BODY = YES;
				CLANG_WARN_ENUM_CONVERSION = YES;
				CLANG_WARN_INFINITE_RECURSION = YES;
				CLANG_WARN_INT_CONVERSION = YES;
				CLANG_WARN_NON_LITERAL_NULL_CONVERSION = YES;
				CLANG_WARN_OBJC_IMPLICIT_RETAIN_SELF = YES;
				CLANG_WARN_OBJC_LITERAL_CONVERSION = YES;
				CLANG_WARN_OBJC_ROOT_CLASS = YES_ERROR;
				CLANG_WARN_QUOTED_INCLUDE_IN_FRAMEWORK_HEADER = YES;
				CLANG_WARN_RANGE_LOOP_ANALYSIS = YES;
				CLANG_WARN_STRICT_PROTOTYPES = YES;
				CLANG_WARN_SUSPICIOUS_MOVE = YES;
				CLANG_WARN_UNGUARDED_AVAILABILITY = YES_AGGRESSIVE;
				CLANG_WARN_UNREACHABLE_CODE = YES;
				CLANG_WARN__DUPLICATE_METHOD_MATCH = YES;
				COPY_PHASE_STRIP = NO;
				DEBUG_INFORMATION_FORMAT = "dwarf-with-dsym";
				ENABLE_NS_ASSERTIONS = NO;
				ENABLE_STRICT_OBJC_MSGSEND = YES;
				GCC_C_LANGUAGE_STANDARD = gnu11;
				GCC_NO_COMMON_BLOCKS = YES;
				GCC_WARN_64_TO_32_BIT_CONVERSION = YES;
				GCC_WARN_ABOUT_RETURN_TYPE = YES_ERROR;
				GCC_WARN_UNDECLARED_SELECTOR = YES;
				GCC_WARN_UNINITIALIZED_AUTOS = YES_AGGRESSIVE;
				GCC_WARN_UNUSED_FUNCTION = YES;
				GCC_WARN_UNUSED_VARIABLE = YES;
				IPHONEOS_DEPLOYMENT_TARGET = 16.1;
				MTL_ENABLE_DEBUG_INFO = NO;
				MTL_FAST_MATH = YES;
				SDKROOT = iphoneos;
				SWIFT_COMPILATION_MODE = wholemodule;
				SWIFT_OPTIMIZATION_LEVEL = "-O";
				VALIDATE_PRODUCT = YES;
			};
			name = Release;
		};
		C395E30729210FCB004DDA65 /* Debug */ = {
			isa = XCBuildConfiguration;
			buildSettings = {
				ASSETCATALOG_COMPILER_APPICON_NAME = AppIcon;
				ASSETCATALOG_COMPILER_GLOBAL_ACCENT_COLOR_NAME = AccentColor;
				CODE_SIGN_STYLE = Automatic;
				CURRENT_PROJECT_VERSION = 1;
				DEVELOPMENT_TEAM = K4Z35HXPV3;
				GENERATE_INFOPLIST_FILE = YES;
				INFOPLIST_FILE = "CaseStudy-BilalYalcin/Info.plist";
				INFOPLIST_KEY_UIApplicationSupportsIndirectInputEvents = YES;
				INFOPLIST_KEY_UILaunchStoryboardName = LaunchScreen;
				INFOPLIST_KEY_UIMainStoryboardFile = Main;
				INFOPLIST_KEY_UISupportedInterfaceOrientations = UIInterfaceOrientationPortrait;
				LD_RUNPATH_SEARCH_PATHS = (
					"$(inherited)",
					"@executable_path/Frameworks",
				);
				MARKETING_VERSION = 1.0;
				PRODUCT_BUNDLE_IDENTIFIER = "com.bilal.CaseStudy-BilalYalcin";
				PRODUCT_NAME = "$(TARGET_NAME)";
				SWIFT_EMIT_LOC_STRINGS = YES;
				SWIFT_VERSION = 5.0;
				TARGETED_DEVICE_FAMILY = "1,2";
			};
			name = Debug;
		};
		C395E30829210FCB004DDA65 /* Release */ = {
			isa = XCBuildConfiguration;
			buildSettings = {
				ASSETCATALOG_COMPILER_APPICON_NAME = AppIcon;
				ASSETCATALOG_COMPILER_GLOBAL_ACCENT_COLOR_NAME = AccentColor;
				CODE_SIGN_STYLE = Automatic;
				CURRENT_PROJECT_VERSION = 1;
				DEVELOPMENT_TEAM = K4Z35HXPV3;
				GENERATE_INFOPLIST_FILE = YES;
				INFOPLIST_FILE = "CaseStudy-BilalYalcin/Info.plist";
				INFOPLIST_KEY_UIApplicationSupportsIndirectInputEvents = YES;
				INFOPLIST_KEY_UILaunchStoryboardName = LaunchScreen;
				INFOPLIST_KEY_UIMainStoryboardFile = Main;
				INFOPLIST_KEY_UISupportedInterfaceOrientations = UIInterfaceOrientationPortrait;
				LD_RUNPATH_SEARCH_PATHS = (
					"$(inherited)",
					"@executable_path/Frameworks",
				);
				MARKETING_VERSION = 1.0;
				PRODUCT_BUNDLE_IDENTIFIER = "com.bilal.CaseStudy-BilalYalcin";
				PRODUCT_NAME = "$(TARGET_NAME)";
				SWIFT_EMIT_LOC_STRINGS = YES;
				SWIFT_VERSION = 5.0;
				TARGETED_DEVICE_FAMILY = "1,2";
			};
			name = Release;
		};
/* End XCBuildConfiguration section */

/* Begin XCConfigurationList section */
		C395E2ED29210FCA004DDA65 /* Build configuration list for PBXProject "CaseStudy-BilalYalcin" */ = {
			isa = XCConfigurationList;
			buildConfigurations = (
				C395E30429210FCB004DDA65 /* Debug */,
				C395E30529210FCB004DDA65 /* Release */,
			);
			defaultConfigurationIsVisible = 0;
			defaultConfigurationName = Release;
		};
		C395E30629210FCB004DDA65 /* Build configuration list for PBXNativeTarget "CaseStudy-BilalYalcin" */ = {
			isa = XCConfigurationList;
			buildConfigurations = (
				C395E30729210FCB004DDA65 /* Debug */,
				C395E30829210FCB004DDA65 /* Release */,
			);
			defaultConfigurationIsVisible = 0;
			defaultConfigurationName = Release;
		};
/* End XCConfigurationList section */

/* Begin XCRemoteSwiftPackageReference section */
		C31959D32922728700B1172E /* XCRemoteSwiftPackageReference "Alamofire" */ = {
			isa = XCRemoteSwiftPackageReference;
			repositoryURL = "https://github.com/Alamofire/Alamofire.git";
			requirement = {
				branch = master;
				kind = branch;
			};
		};
		C31959D6292272A200B1172E /* XCRemoteSwiftPackageReference "Kingfisher" */ = {
			isa = XCRemoteSwiftPackageReference;
			repositoryURL = "https://github.com/onevcat/Kingfisher.git";
			requirement = {
				branch = master;
				kind = branch;
			};
		};
/* End XCRemoteSwiftPackageReference section */

/* Begin XCSwiftPackageProductDependency section */
		C31959D42922728700B1172E /* Alamofire */ = {
			isa = XCSwiftPackageProductDependency;
			package = C31959D32922728700B1172E /* XCRemoteSwiftPackageReference "Alamofire" */;
			productName = Alamofire;
		};
		C31959D7292272A200B1172E /* Kingfisher */ = {
			isa = XCSwiftPackageProductDependency;
			package = C31959D6292272A200B1172E /* XCRemoteSwiftPackageReference "Kingfisher" */;
			productName = Kingfisher;
		};
/* End XCSwiftPackageProductDependency section */
	};
	rootObject = C395E2EA29210FCA004DDA65 /* Project object */;
}
